Microsoft Visual Studio Solution File, Format Version 12.00
# Visual Studio Version 17
VisualStudioVersion = 17.5.2.0
MinimumVisualStudioVersion = 10.0.40219.1
Project("{FAE04EC0-301F-11D3-BF4B-00C04F79EFBC}") = "VehicleRentalSystem", "VehicleRentalSystem.csproj", "{F260F0ED-27A7-680A-2F16-C74EF88E270D}"
EndProject
Global
	GlobalSection(SolutionConfigurationPlatforms) = preSolution
		Debug|Any CPU = Debug|Any CPU
		Release|Any CPU = Release|Any CPU
	EndGlobalSection
	GlobalSection(ProjectConfigurationPlatforms) = postSolution
		{F260F0ED-27A7-680A-2F16-C74EF88E270D}.Debug|Any CPU.ActiveCfg = Debug|Any CPU
		{F260F0ED-27A7-680A-2F16-C74EF88E270D}.Debug|Any CPU.Build.0 = Debug|Any CPU
		{F260F0ED-27A7-680A-2F16-C74EF88E270D}.Release|Any CPU.ActiveCfg = Release|Any CPU
		{F260F0ED-27A7-680A-2F16-C74EF88E270D}.Release|Any CPU.Build.0 = Release|Any CPU
	EndGlobalSection
	GlobalSection(SolutionProperties) = preSolution
		HideSolutionNode = FALSE
	EndGlobalSection
	GlobalSection(ExtensibilityGlobals) = postSolution
		SolutionGuid = {1B8E0021-6CE6-4101-B35E-5D7C98BE38EE}
	EndGlobalSection
EndGlobal
